
Microsoft Visual Studio Solution File, Format Version 12.00
# Visual Studio Version 16
VisualStudioVersion = 16.0.32929.386
MinimumVisualStudioVersion = 10.0.40219.1
Project("{FAE04EC0-301F-11D3-BF4B-00C04F79EFBC}") = "dragdrop", "dragdrop\dragdrop.csproj", "{FDBC96EB-18C2-4443-9AA9-9501566F2117}"
EndProject
Global
	GlobalSection(SolutionConfigurationPlatforms) = preSolution
		Debug|Any CPU = Debug|Any CPU
		Release|Any CPU = Release|Any CPU
	EndGlobalSection
	GlobalSection(ProjectConfigurationPlatforms) = postSolution
		{FDBC96EB-18C2-4443-9AA9-9501566F2117}.Debug|Any CPU.ActiveCfg = Debug|Any CPU
		{FDBC96EB-18C2-4443-9AA9-9501566F2117}.Debug|Any CPU.Build.0 = Debug|Any CPU
		{FDBC96EB-18C2-4443-9AA9-9501566F2117}.Release|Any CPU.ActiveCfg = Release|Any CPU
		{FDBC96EB-18C2-4443-9AA9-9501566F2117}.Release|Any CPU.Build.0 = Release|Any CPU
	EndGlobalSection
	GlobalSection(SolutionProperties) = preSolution
		HideSolutionNode = FALSE
	EndGlobalSection
	GlobalSection(ExtensibilityGlobals) = postSolution
		SolutionGuid = {216242EC-F021-4336-BF89-7E95D641A8C3}
	EndGlobalSection
EndGlobal
